
Microsoft Visual Studio Solution File, Format Version 12.00
# Visual Studio Version 16
VisualStudioVersion = 16.0.31911.196
MinimumVisualStudioVersion = 10.0.40219.1
Project("{FAE04EC0-301F-11D3-BF4B-00C04F79EFBC}") = "ProgInger", "ProgInger\ProgInger.csproj", "{F45F8F99-F183-4E1C-8871-23329CB84EF9}"
EndProject
Global
	GlobalSection(SolutionConfigurationPlatforms) = preSolution
		Debug|Any CPU = Debug|Any CPU
		Release|Any CPU = Release|Any CPU
	EndGlobalSection
	GlobalSection(ProjectConfigurationPlatforms) = postSolution
		{F45F8F99-F183-4E1C-8871-23329CB84EF9}.Debug|Any CPU.ActiveCfg = Debug|Any CPU
		{F45F8F99-F183-4E1C-8871-23329CB84EF9}.Debug|Any CPU.Build.0 = Debug|Any CPU
		{F45F8F99-F183-4E1C-8871-23329CB84EF9}.Release|Any CPU.ActiveCfg = Release|Any CPU
		{F45F8F99-F183-4E1C-8871-23329CB84EF9}.Release|Any CPU.Build.0 = Release|Any CPU
	EndGlobalSection
	GlobalSection(SolutionProperties) = preSolution
		HideSolutionNode = FALSE
	EndGlobalSection
	GlobalSection(ExtensibilityGlobals) = postSolution
		SolutionGuid = {9B88E409-7C8B-4D3C-88A3-E8D9ED22E3B5}
	EndGlobalSection
EndGlobal
